
Microsoft Visual Studio Solution File, Format Version 12.00
# Visual Studio Version 16
VisualStudioVersion = 16.0.30621.155
MinimumVisualStudioVersion = 10.0.40219.1
Project("{FAE04EC0-301F-11D3-BF4B-00C04F79EFBC}") = "Brasao_Mensagem", "Brasao_Mensagem\Brasao_Mensagem.csproj", "{AECB6900-0343-4C61-94AD-0B55C4D5B5D7}"
EndProject
Global
	GlobalSection(SolutionConfigurationPlatforms) = preSolution
		Debug|Any CPU = Debug|Any CPU
		Release|Any CPU = Release|Any CPU
	EndGlobalSection
	GlobalSection(ProjectConfigurationPlatforms) = postSolution
		{AECB6900-0343-4C61-94AD-0B55C4D5B5D7}.Debug|Any CPU.ActiveCfg = Debug|Any CPU
		{AECB6900-0343-4C61-94AD-0B55C4D5B5D7}.Debug|Any CPU.Build.0 = Debug|Any CPU
		{AECB6900-0343-4C61-94AD-0B55C4D5B5D7}.Release|Any CPU.ActiveCfg = Release|Any CPU
		{AECB6900-0343-4C61-94AD-0B55C4D5B5D7}.Release|Any CPU.Build.0 = Release|Any CPU
	EndGlobalSection
	GlobalSection(SolutionProperties) = preSolution
		HideSolutionNode = FALSE
	EndGlobalSection
	GlobalSection(ExtensibilityGlobals) = postSolution
		SolutionGuid = {C303672F-EC74-4241-B604-EB35E3AEDEC4}
	EndGlobalSection
EndGlobal
